lockfileVersion: '6.0'

dependencies:
  vite-plugin-ejs:
    specifier: ^1.6.4
    version: registry.npmjs.org/vite-plugin-ejs@1.6.4

devDependencies:
  prettier:
    specifier: ^2.8.7
    version: registry.npmjs.org/prettier@2.8.7
  sass:
    specifier: ^1.62.0
    version: registry.npmjs.org/sass@1.62.0
  vite:
    specifier: ^4.3.0
    version: registry.npmjs.org/vite@4.3.0(sass@1.62.0)

packages:

  registry.npmjs.org/@esbuild/android-arm64@0.17.17:
    resolution: {integrity: sha512-jaJ5IlmaDLFPNttv0ofcwy/cfeY4bh/n705Tgh+eLObbGtQBK3EPAu+CzL95JVE4nFAliyrnEu0d32Q5foavqg==, registry: https://registry.npmjs.com/, tarball: https://registry.npmjs.org/@esbuild/android-arm64/-/android-arm64-0.17.17.tgz}
    name: '@esbuild/android-arm64'
    version: 0.17.17
    engines: {node: '>=12'}
    cpu: [arm64]
    os: [android]
    requiresBuild: true
    dev: true
    optional: true

  registry.npmjs.org/@esbuild/android-arm@0.17.17:
    resolution: {integrity: sha512-E6VAZwN7diCa3labs0GYvhEPL2M94WLF8A+czO8hfjREXxba8Ng7nM5VxV+9ihNXIY1iQO1XxUU4P7hbqbICxg==, registry: https://registry.npmjs.com/, tarball: https://registry.npmjs.org/@esbuild/android-arm/-/android-arm-0.17.17.tgz}
    name: '@esbuild/android-arm'
    version: 0.17.17
    engines: {node: '>=12'}
    cpu: [arm]
    os: [android]
    requiresBuild: true
    dev: true
    optional: true

  registry.npmjs.org/@esbuild/android-x64@0.17.17:
    resolution: {integrity: sha512-446zpfJ3nioMC7ASvJB1pszHVskkw4u/9Eu8s5yvvsSDTzYh4p4ZIRj0DznSl3FBF0Z/mZfrKXTtt0QCoFmoHA==, registry: https://registry.npmjs.com/, tarball: https://registry.npmjs.org/@esbuild/android-x64/-/android-x64-0.17.17.tgz}
    name: '@esbuild/android-x64'
    version: 0.17.17
    engines: {node: '>=12'}
    cpu: [x64]
    os: [android]
    requiresBuild: true
    dev: true
    optional: true

  registry.npmjs.org/@esbuild/darwin-arm64@0.17.17:
    resolution: {integrity: sha512-m/gwyiBwH3jqfUabtq3GH31otL/0sE0l34XKpSIqR7NjQ/XHQ3lpmQHLHbG8AHTGCw8Ao059GvV08MS0bhFIJQ==, registry: https://registry.npmjs.com/, tarball: https://registry.npmjs.org/@esbuild/darwin-arm64/-/darwin-arm64-0.17.17.tgz}
    name: '@esbuild/darwin-arm64'
    version: 0.17.17
    engines: {node: '>=12'}
    cpu: [arm64]
    os: [darwin]
    requiresBuild: true
    dev: true
    optional: true

  registry.npmjs.org/@esbuild/darwin-x64@0.17.17:
    resolution: {integrity: sha512-4utIrsX9IykrqYaXR8ob9Ha2hAY2qLc6ohJ8c0CN1DR8yWeMrTgYFjgdeQ9LIoTOfLetXjuCu5TRPHT9yKYJVg==, registry: https://registry.npmjs.com/, tarball: https://registry.npmjs.org/@esbuild/darwin-x64/-/darwin-x64-0.17.17.tgz}
    name: '@esbuild/darwin-x64'
    version: 0.17.17
    engines: {node: '>=12'}
    cpu: [x64]
    os: [darwin]
    requiresBuild: true
    dev: true
    optional: true

  registry.npmjs.org/@esbuild/freebsd-arm64@0.17.17:
    resolution: {integrity: sha512-4PxjQII/9ppOrpEwzQ1b0pXCsFLqy77i0GaHodrmzH9zq2/NEhHMAMJkJ635Ns4fyJPFOlHMz4AsklIyRqFZWA==, registry: https://registry.npmjs.com/, tarball: https://registry.npmjs.org/@esbuild/freebsd-arm64/-/freebsd-arm64-0.17.17.tgz}
    name: '@esbuild/freebsd-arm64'
    version: 0.17.17
    engines: {node: '>=12'}
    cpu: [arm64]
    os: [freebsd]
    requiresBuild: true
    dev: true
    optional: true

  registry.npmjs.org/@esbuild/freebsd-x64@0.17.17:
    resolution: {integrity: sha512-lQRS+4sW5S3P1sv0z2Ym807qMDfkmdhUYX30GRBURtLTrJOPDpoU0kI6pVz1hz3U0+YQ0tXGS9YWveQjUewAJw==, registry: https://registry.npmjs.com/, tarball: https://registry.npmjs.org/@esbuild/freebsd-x64/-/freebsd-x64-0.17.17.tgz}
    name: '@esbuild/freebsd-x64'
    version: 0.17.17
    engines: {node: '>=12'}
    cpu: [x64]
    os: [freebsd]
    requiresBuild: true
    dev: true
    optional: true

  registry.npmjs.org/@esbuild/linux-arm64@0.17.17:
    resolution: {integrity: sha512-2+pwLx0whKY1/Vqt8lyzStyda1v0qjJ5INWIe+d8+1onqQxHLLi3yr5bAa4gvbzhZqBztifYEu8hh1La5+7sUw==, registry: https://registry.npmjs.com/, tarball: https://registry.npmjs.org/@esbuild/linux-arm64/-/linux-arm64-0.17.17.tgz}
    name: '@esbuild/linux-arm64'
    version: 0.17.17
    engines: {node: '>=12'}
    cpu: [arm64]
    os: [linux]
    requiresBuild: true
    dev: true
    optional: true

  registry.npmjs.org/@esbuild/linux-arm@0.17.17:
    resolution: {integrity: sha512-biDs7bjGdOdcmIk6xU426VgdRUpGg39Yz6sT9Xp23aq+IEHDb/u5cbmu/pAANpDB4rZpY/2USPhCA+w9t3roQg==, registry: https://registry.npmjs.com/, tarball: https://registry.npmjs.org/@esbuild/linux-arm/-/linux-arm-0.17.17.tgz}
    name: '@esbuild/linux-arm'
    version: 0.17.17
    engines: {node: '>=12'}
    cpu: [arm]
    os: [linux]
    requiresBuild: true
    dev: true
    optional: true

  registry.npmjs.org/@esbuild/linux-ia32@0.17.17:
    resolution: {integrity: sha512-IBTTv8X60dYo6P2t23sSUYym8fGfMAiuv7PzJ+0LcdAndZRzvke+wTVxJeCq4WgjppkOpndL04gMZIFvwoU34Q==, registry: https://registry.npmjs.com/, tarball: https://registry.npmjs.org/@esbuild/linux-ia32/-/linux-ia32-0.17.17.tgz}
    name: '@esbuild/linux-ia32'
    version: 0.17.17
    engines: {node: '>=12'}
    cpu: [ia32]
    os: [linux]
    requiresBuild: true
    dev: true
    optional: true

  registry.npmjs.org/@esbuild/linux-loong64@0.17.17:
    resolution: {integrity: sha512-WVMBtcDpATjaGfWfp6u9dANIqmU9r37SY8wgAivuKmgKHE+bWSuv0qXEFt/p3qXQYxJIGXQQv6hHcm7iWhWjiw==, registry: https://registry.npmjs.com/, tarball: https://registry.npmjs.org/@esbuild/linux-loong64/-/linux-loong64-0.17.17.tgz}
    name: '@esbuild/linux-loong64'
    version: 0.17.17
    engines: {node: '>=12'}
    cpu: [loong64]
    os: [linux]
    requiresBuild: true
    dev: true
    optional: true

  registry.npmjs.org/@esbuild/linux-mips64el@0.17.17:
    resolution: {integrity: sha512-2kYCGh8589ZYnY031FgMLy0kmE4VoGdvfJkxLdxP4HJvWNXpyLhjOvxVsYjYZ6awqY4bgLR9tpdYyStgZZhi2A==, registry: https://registry.npmjs.com/, tarball: https://registry.npmjs.org/@esbuild/linux-mips64el/-/linux-mips64el-0.17.17.tgz}
    name: '@esbuild/linux-mips64el'
    version: 0.17.17
    engines: {node: '>=12'}
    cpu: [mips64el]
    os: [linux]
    requiresBuild: true
    dev: true
    optional: true

  registry.npmjs.org/@esbuild/linux-ppc64@0.17.17:
    resolution: {integrity: sha512-KIdG5jdAEeAKogfyMTcszRxy3OPbZhq0PPsW4iKKcdlbk3YE4miKznxV2YOSmiK/hfOZ+lqHri3v8eecT2ATwQ==, registry: https://registry.npmjs.com/, tarball: https://registry.npmjs.org/@esbuild/linux-ppc64/-/linux-ppc64-0.17.17.tgz}
    name: '@esbuild/linux-ppc64'
    version: 0.17.17
    engines: {node: '>=12'}
    cpu: [ppc64]
    os: [linux]
    requiresBuild: true
    dev: true
    optional: true

  registry.npmjs.org/@esbuild/linux-riscv64@0.17.17:
    resolution: {integrity: sha512-Cj6uWLBR5LWhcD/2Lkfg2NrkVsNb2sFM5aVEfumKB2vYetkA/9Uyc1jVoxLZ0a38sUhFk4JOVKH0aVdPbjZQeA==, registry: https://registry.npmjs.com/, tarball: https://registry.npmjs.org/@esbuild/linux-riscv64/-/linux-riscv64-0.17.17.tgz}
    name: '@esbuild/linux-riscv64'
    version: 0.17.17
    engines: {node: '>=12'}
    cpu: [riscv64]
    os: [linux]
    requiresBuild: true
    dev: true
    optional: true

  registry.npmjs.org/@esbuild/linux-s390x@0.17.17:
    resolution: {integrity: sha512-lK+SffWIr0XsFf7E0srBjhpkdFVJf3HEgXCwzkm69kNbRar8MhezFpkIwpk0qo2IOQL4JE4mJPJI8AbRPLbuOQ==, registry: https://registry.npmjs.com/, tarball: https://registry.npmjs.org/@esbuild/linux-s390x/-/linux-s390x-0.17.17.tgz}
    name: '@esbuild/linux-s390x'
    version: 0.17.17
    engines: {node: '>=12'}
    cpu: [s390x]
    os: [linux]
    requiresBuild: true
    dev: true
    optional: true

  registry.npmjs.org/@esbuild/linux-x64@0.17.17:
    resolution: {integrity: sha512-XcSGTQcWFQS2jx3lZtQi7cQmDYLrpLRyz1Ns1DzZCtn898cWfm5Icx/DEWNcTU+T+tyPV89RQtDnI7qL2PObPg==, registry: https://registry.npmjs.com/, tarball: https://registry.npmjs.org/@esbuild/linux-x64/-/linux-x64-0.17.17.tgz}
    name: '@esbuild/linux-x64'
    version: 0.17.17
    engines: {node: '>=12'}
    cpu: [x64]
    os: [linux]
    requiresBuild: true
    dev: true
    optional: true

  registry.npmjs.org/@esbuild/netbsd-x64@0.17.17:
    resolution: {integrity: sha512-RNLCDmLP5kCWAJR+ItLM3cHxzXRTe4N00TQyQiimq+lyqVqZWGPAvcyfUBM0isE79eEZhIuGN09rAz8EL5KdLA==, registry: https://registry.npmjs.com/, tarball: https://registry.npmjs.org/@esbuild/netbsd-x64/-/netbsd-x64-0.17.17.tgz}
    name: '@esbuild/netbsd-x64'
    version: 0.17.17
    engines: {node: '>=12'}
    cpu: [x64]
    os: [netbsd]
    requiresBuild: true
    dev: true
    optional: true

  registry.npmjs.org/@esbuild/openbsd-x64@0.17.17:
    resolution: {integrity: sha512-PAXswI5+cQq3Pann7FNdcpSUrhrql3wKjj3gVkmuz6OHhqqYxKvi6GgRBoaHjaG22HV/ZZEgF9TlS+9ftHVigA==, registry: https://registry.npmjs.com/, tarball: https://registry.npmjs.org/@esbuild/openbsd-x64/-/openbsd-x64-0.17.17.tgz}
    name: '@esbuild/openbsd-x64'
    version: 0.17.17
    engines: {node: '>=12'}
    cpu: [x64]
    os: [openbsd]
    requiresBuild: true
    dev: true
    optional: true

  registry.npmjs.org/@esbuild/sunos-x64@0.17.17:
    resolution: {integrity: sha512-V63egsWKnx/4V0FMYkr9NXWrKTB5qFftKGKuZKFIrAkO/7EWLFnbBZNM1CvJ6Sis+XBdPws2YQSHF1Gqf1oj/Q==, registry: https://registry.npmjs.com/, tarball: https://registry.npmjs.org/@esbuild/sunos-x64/-/sunos-x64-0.17.17.tgz}
    name: '@esbuild/sunos-x64'
    version: 0.17.17
    engines: {node: '>=12'}
    cpu: [x64]
    os: [sunos]
    requiresBuild: true
    dev: true
    optional: true

  registry.npmjs.org/@esbuild/win32-arm64@0.17.17:
    resolution: {integrity: sha512-YtUXLdVnd6YBSYlZODjWzH+KzbaubV0YVd6UxSfoFfa5PtNJNaW+1i+Hcmjpg2nEe0YXUCNF5bkKy1NnBv1y7Q==, registry: https://registry.npmjs.com/, tarball: https://registry.npmjs.org/@esbuild/win32-arm64/-/win32-arm64-0.17.17.tgz}
    name: '@esbuild/win32-arm64'
    version: 0.17.17
    engines: {node: '>=12'}
    cpu: [arm64]
    os: [win32]
    requiresBuild: true
    dev: true
    optional: true

  registry.npmjs.org/@esbuild/win32-ia32@0.17.17:
    resolution: {integrity: sha512-yczSLRbDdReCO74Yfc5tKG0izzm+lPMYyO1fFTcn0QNwnKmc3K+HdxZWLGKg4pZVte7XVgcFku7TIZNbWEJdeQ==, registry: https://registry.npmjs.com/, tarball: https://registry.npmjs.org/@esbuild/win32-ia32/-/win32-ia32-0.17.17.tgz}
    name: '@esbuild/win32-ia32'
    version: 0.17.17
    engines: {node: '>=12'}
    cpu: [ia32]
    os: [win32]
    requiresBuild: true
    dev: true
    optional: true

  registry.npmjs.org/@esbuild/win32-x64@0.17.17:
    resolution: {integrity: sha512-FNZw7H3aqhF9OyRQbDDnzUApDXfC1N6fgBhkqEO2jvYCJ+DxMTfZVqg3AX0R1khg1wHTBRD5SdcibSJ+XF6bFg==, registry: https://registry.npmjs.com/, tarball: https://registry.npmjs.org/@esbuild/win32-x64/-/win32-x64-0.17.17.tgz}
    name: '@esbuild/win32-x64'
    version: 0.17.17
    engines: {node: '>=12'}
    cpu: [x64]
    os: [win32]
    requiresBuild: true
    dev: true
    optional: true

  registry.npmjs.org/ansi-styles@4.3.0:
    resolution: {integrity: sha512-zbB9rCJAT1rbjiVDb2hqKFHNYLxgtk8NURxZ3IZwD3F6NtxbXZQCnnSi1Lkx+IDohdPlFp222wVALIheZJQSEg==, registry: https://registry.npmjs.com/, tarball: https://registry.npmjs.org/ansi-styles/-/ansi-styles-4.3.0.tgz}
    name: ansi-styles
    version: 4.3.0
    engines: {node: '>=8'}
    dependencies:
      color-convert: registry.npmjs.org/color-convert@2.0.1
    dev: false

  registry.npmjs.org/anymatch@3.1.3:
    resolution: {integrity: sha512-KMReFUr0B4t+D+OBkjR3KYqvocp2XaSzO55UcB6mgQMd3KbcE+mWTyvVV7D/zsdEbNnV6acZUutkiHQXvTr1Rw==, registry: https://registry.npmjs.com/, tarball: https://registry.npmjs.org/anymatch/-/anymatch-3.1.3.tgz}
    name: anymatch
    version: 3.1.3
    engines: {node: '>= 8'}
    dependencies:
      normalize-path: registry.npmjs.org/normalize-path@3.0.0
      picomatch: registry.npmjs.org/picomatch@2.3.1
    dev: true

  registry.npmjs.org/async@3.2.4:
    resolution: {integrity: sha512-iAB+JbDEGXhyIUavoDl9WP/Jj106Kz9DEn1DPgYw5ruDn0e3Wgi3sKFm55sASdGBNOQB8F59d9qQ7deqrHA8wQ==, registry: https://registry.npmjs.com/, tarball: https://registry.npmjs.org/async/-/async-3.2.4.tgz}
    name: async
    version: 3.2.4
    dev: false

  registry.npmjs.org/balanced-match@1.0.2:
    resolution: {integrity: sha512-3oSeUO0TMV67hN1AmbXsK4yaqU7tjiHlbxRDZOpH0KW9+CeX4bRAaX0Anxt0tx2MrpRpWwQaPwIlISEJhYU5Pw==, registry: https://registry.npmjs.com/, tarball: https://registry.npmjs.org/balanced-match/-/balanced-match-1.0.2.tgz}
    name: balanced-match
    version: 1.0.2
    dev: false

  registry.npmjs.org/binary-extensions@2.2.0:
    resolution: {integrity: sha512-jDctJ/IVQbZoJykoeHbhXpOlNBqGNcwXJKJog42E5HDPUwQTSdjCHdihjj0DlnheQ7blbT6dHOafNAiS8ooQKA==, registry: https://registry.npmjs.com/, tarball: https://registry.npmjs.org/binary-extensions/-/binary-extensions-2.2.0.tgz}
    name: binary-extensions
    version: 2.2.0
    engines: {node: '>=8'}
    dev: true

  registry.npmjs.org/brace-expansion@1.1.11:
    resolution: {integrity: sha512-iCuPHDFgrHX7H2vEI/5xpz07zSHB00TpugqhmYtVmMO6518mCuRMoOYFldEBl0g187ufozdaHgWKcYFb61qGiA==, registry: https://registry.npmjs.com/, tarball: https://registry.npmjs.org/brace-expansion/-/brace-expansion-1.1.11.tgz}
    name: brace-expansion
    version: 1.1.11
    dependencies:
      balanced-match: registry.npmjs.org/balanced-match@1.0.2
      concat-map: registry.npmjs.org/concat-map@0.0.1
    dev: false

  registry.npmjs.org/brace-expansion@2.0.1:
    resolution: {integrity: sha512-XnAIvQ8eM+kC6aULx6wuQiwVsnzsi9d3WxzV3FpWTGA19F621kwdbsAcFKXgKUHZWsy+mY6iL1sHTxWEFCytDA==, registry: https://registry.npmjs.com/, tarball: https://registry.npmjs.org/brace-expansion/-/brace-expansion-2.0.1.tgz}
    name: brace-expansion
    version: 2.0.1
    dependencies:
      balanced-match: registry.npmjs.org/balanced-match@1.0.2
    dev: false

  registry.npmjs.org/braces@3.0.2:
    resolution: {integrity: sha512-b8um+L1RzM3WDSzvhm6gIz1yfTbBt6YTlcEKAvsmqCZZFw46z626lVj9j1yEPW33H5H+lBQpZMP1k8l+78Ha0A==, registry: https://registry.npmjs.com/, tarball: https://registry.npmjs.org/braces/-/braces-3.0.2.tgz}
    name: braces
    version: 3.0.2
    engines: {node: '>=8'}
    dependencies:
      fill-range: registry.npmjs.org/fill-range@7.0.1
    dev: true

  registry.npmjs.org/chalk@4.1.2:
    resolution: {integrity: sha512-oKnbhFyRIXpUuez8iBMmyEa4nbj4IOQyuhc/wy9kY7/WVPcwIO9VA668Pu8RkO7+0G76SLROeyw9CpQ061i4mA==, registry: https://registry.npmjs.com/, tarball: https://registry.npmjs.org/chalk/-/chalk-4.1.2.tgz}
    name: chalk
    version: 4.1.2
    engines: {node: '>=10'}
    dependencies:
      ansi-styles: registry.npmjs.org/ansi-styles@4.3.0
      supports-color: registry.npmjs.org/supports-color@7.2.0
    dev: false

  registry.npmjs.org/chokidar@3.5.3:
    resolution: {integrity: sha512-Dr3sfKRP6oTcjf2JmUmFJfeVMvXBdegxB0iVQ5eb2V10uFJUCAS8OByZdVAyVb8xXNz3GjjTgj9kLWsZTqE6kw==, registry: https://registry.npmjs.com/, tarball: https://registry.npmjs.org/chokidar/-/chokidar-3.5.3.tgz}
    name: chokidar
    version: 3.5.3
    engines: {node: '>= 8.10.0'}
    dependencies:
      anymatch: registry.npmjs.org/anymatch@3.1.3
      braces: registry.npmjs.org/braces@3.0.2
      glob-parent: registry.npmjs.org/glob-parent@5.1.2
      is-binary-path: registry.npmjs.org/is-binary-path@2.1.0
      is-glob: registry.npmjs.org/is-glob@4.0.3
      normalize-path: registry.npmjs.org/normalize-path@3.0.0
      readdirp: registry.npmjs.org/readdirp@3.6.0
    optionalDependencies:
      fsevents: registry.npmjs.org/fsevents@2.3.2
    dev: true

  registry.npmjs.org/color-convert@2.0.1:
    resolution: {integrity: sha512-RRECPsj7iu/xb5oKYcsFHSppFNnsj/52OVTRKb4zP5onXwVF3zVmmToNcOfGC+CRDpfK/U584fMg38ZHCaElKQ==, registry: https://registry.npmjs.com/, tarball: https://registry.npmjs.org/color-convert/-/color-convert-2.0.1.tgz}
    name: color-convert
    version: 2.0.1
    engines: {node: '>=7.0.0'}
    dependencies:
      color-name: registry.npmjs.org/color-name@1.1.4
    dev: false

  registry.npmjs.org/color-name@1.1.4:
    resolution: {integrity: sha512-dOy+3AuW3a2wNbZHIuMZpTcgjGuLU/uBL/ubcZF9OXbDo8ff4O8yVp5Bf0efS8uEoYo5q4Fx7dY9OgQGXgAsQA==, registry: https://registry.npmjs.com/, tarball: https://registry.npmjs.org/color-name/-/color-name-1.1.4.tgz}
    name: color-name
    version: 1.1.4
    dev: false

  registry.npmjs.org/concat-map@0.0.1:
    resolution: {integrity: sha512-/Srv4dswyQNBfohGpz9o6Yb3Gz3SrUDqBH5rTuhGR7ahtlbYKnVxw2bCFMRljaA7EXHaXZ8wsHdodFvbkhKmqg==, registry: https://registry.npmjs.com/, tarball: https://registry.npmjs.org/concat-map/-/concat-map-0.0.1.tgz}
    name: concat-map
    version: 0.0.1
    dev: false

  registry.npmjs.org/ejs@3.1.9:
    resolution: {integrity: sha512-rC+QVNMJWv+MtPgkt0y+0rVEIdbtxVADApW9JXrUVlzHetgcyczP/E7DJmWJ4fJCZF2cPcBk0laWO9ZHMG3DmQ==, registry: https://registry.npmjs.com/, tarball: https://registry.npmjs.org/ejs/-/ejs-3.1.9.tgz}
    name: ejs
    version: 3.1.9
    engines: {node: '>=0.10.0'}
    hasBin: true
    dependencies:
      jake: registry.npmjs.org/jake@10.8.5
    dev: false

  registry.npmjs.org/esbuild@0.17.17:
    resolution: {integrity: sha512-/jUywtAymR8jR4qsa2RujlAF7Krpt5VWi72Q2yuLD4e/hvtNcFQ0I1j8m/bxq238pf3/0KO5yuXNpuLx8BE1KA==, registry: https://registry.npmjs.com/, tarball: https://registry.npmjs.org/esbuild/-/esbuild-0.17.17.tgz}
    name: esbuild
    version: 0.17.17
    engines: {node: '>=12'}
    hasBin: true
    requiresBuild: true
    optionalDependencies:
      '@esbuild/android-arm': registry.npmjs.org/@esbuild/android-arm@0.17.17
      '@esbuild/android-arm64': registry.npmjs.org/@esbuild/android-arm64@0.17.17
      '@esbuild/android-x64': registry.npmjs.org/@esbuild/android-x64@0.17.17
      '@esbuild/darwin-arm64': registry.npmjs.org/@esbuild/darwin-arm64@0.17.17
      '@esbuild/darwin-x64': registry.npmjs.org/@esbuild/darwin-x64@0.17.17
      '@esbuild/freebsd-arm64': registry.npmjs.org/@esbuild/freebsd-arm64@0.17.17
      '@esbuild/freebsd-x64': registry.npmjs.org/@esbuild/freebsd-x64@0.17.17
      '@esbuild/linux-arm': registry.npmjs.org/@esbuild/linux-arm@0.17.17
      '@esbuild/linux-arm64': registry.npmjs.org/@esbuild/linux-arm64@0.17.17
      '@esbuild/linux-ia32': registry.npmjs.org/@esbuild/linux-ia32@0.17.17
      '@esbuild/linux-loong64': registry.npmjs.org/@esbuild/linux-loong64@0.17.17
      '@esbuild/linux-mips64el': registry.npmjs.org/@esbuild/linux-mips64el@0.17.17
      '@esbuild/linux-ppc64': registry.npmjs.org/@esbuild/linux-ppc64@0.17.17
      '@esbuild/linux-riscv64': registry.npmjs.org/@esbuild/linux-riscv64@0.17.17
      '@esbuild/linux-s390x': registry.npmjs.org/@esbuild/linux-s390x@0.17.17
      '@esbuild/linux-x64': registry.npmjs.org/@esbuild/linux-x64@0.17.17
      '@esbuild/netbsd-x64': registry.npmjs.org/@esbuild/netbsd-x64@0.17.17
      '@esbuild/openbsd-x64': registry.npmjs.org/@esbuild/openbsd-x64@0.17.17
      '@esbuild/sunos-x64': registry.npmjs.org/@esbuild/sunos-x64@0.17.17
      '@esbuild/win32-arm64': registry.npmjs.org/@esbuild/win32-arm64@0.17.17
      '@esbuild/win32-ia32': registry.npmjs.org/@esbuild/win32-ia32@0.17.17
      '@esbuild/win32-x64': registry.npmjs.org/@esbuild/win32-x64@0.17.17
    dev: true

  registry.npmjs.org/filelist@1.0.4:
    resolution: {integrity: sha512-w1cEuf3S+DrLCQL7ET6kz+gmlJdbq9J7yXCSjK/OZCPA+qEN1WyF4ZAf0YYJa4/shHJra2t/d/r8SV4Ji+x+8Q==, registry: https://registry.npmjs.com/, tarball: https://registry.npmjs.org/filelist/-/filelist-1.0.4.tgz}
    name: filelist
    version: 1.0.4
    dependencies:
      minimatch: registry.npmjs.org/minimatch@5.1.6
    dev: false

  registry.npmjs.org/fill-range@7.0.1:
    resolution: {integrity: sha512-qOo9F+dMUmC2Lcb4BbVvnKJxTPjCm+RRpe4gDuGrzkL7mEVl/djYSu2OdQ2Pa302N4oqkSg9ir6jaLWJ2USVpQ==, registry: https://registry.npmjs.com/, tarball: https://registry.npmjs.org/fill-range/-/fill-range-7.0.1.tgz}
    name: fill-range
    version: 7.0.1
    engines: {node: '>=8'}
    dependencies:
      to-regex-range: registry.npmjs.org/to-regex-range@5.0.1
    dev: true

  registry.npmjs.org/fsevents@2.3.2:
    resolution: {integrity: sha512-xiqMQR4xAeHTuB9uWm+fFRcIOgKBMiOBP+eXiyT7jsgVCq1bkVygt00oASowB7EdtpOHaaPgKt812P9ab+DDKA==, registry: https://registry.npmjs.com/, tarball: https://registry.npmjs.org/fsevents/-/fsevents-2.3.2.tgz}
    name: fsevents
    version: 2.3.2
    engines: {node: ^8.16.0 || ^10.6.0 || >=11.0.0}
    os: [darwin]
    requiresBuild: true
    dev: true
    optional: true

  registry.npmjs.org/glob-parent@5.1.2:
    resolution: {integrity: sha512-AOIgSQCepiJYwP3ARnGx+5VnTu2HBYdzbGP45eLw1vr3zB3vZLeyed1sC9hnbcOc9/SrMyM5RPQrkGz4aS9Zow==, registry: https://registry.npmjs.com/, tarball: https://registry.npmjs.org/glob-parent/-/glob-parent-5.1.2.tgz}
    name: glob-parent
    version: 5.1.2
    engines: {node: '>= 6'}
    dependencies:
      is-glob: registry.npmjs.org/is-glob@4.0.3
    dev: true

  registry.npmjs.org/has-flag@4.0.0:
    resolution: {integrity: sha512-EykJT/Q1KjTWctppgIAgfSO0tKVuZUjhgMr17kqTumMl6Afv3EISleU7qZUzoXDFTAHTDC4NOoG/ZxU3EvlMPQ==, registry: https://registry.npmjs.com/, tarball: https://registry.npmjs.org/has-flag/-/has-flag-4.0.0.tgz}
    name: has-flag
    version: 4.0.0
    engines: {node: '>=8'}
    dev: false

  registry.npmjs.org/immutable@4.2.4:
    resolution: {integrity: sha512-WDxL3Hheb1JkRN3sQkyujNlL/xRjAo3rJtaU5xeufUauG66JdMr32bLj4gF+vWl84DIA3Zxw7tiAjneYzRRw+w==, registry: https://registry.npmjs.com/, tarball: https://registry.npmjs.org/immutable/-/immutable-4.2.4.tgz}
    name: immutable
    version: 4.2.4
    dev: true

  registry.npmjs.org/is-binary-path@2.1.0:
    resolution: {integrity: sha512-ZMERYes6pDydyuGidse7OsHxtbI7WVeUEozgR/g7rd0xUimYNlvZRE/K2MgZTjWy725IfelLeVcEM97mmtRGXw==, registry: https://registry.npmjs.com/, tarball: https://registry.npmjs.org/is-binary-path/-/is-binary-path-2.1.0.tgz}
    name: is-binary-path
    version: 2.1.0
    engines: {node: '>=8'}
    dependencies:
      binary-extensions: registry.npmjs.org/binary-extensions@2.2.0
    dev: true

  registry.npmjs.org/is-extglob@2.1.1:
    resolution: {integrity: sha512-SbKbANkN603Vi4jEZv49LeVJMn4yGwsbzZworEoyEiutsN3nJYdbO36zfhGJ6QEDpOZIFkDtnq5JRxmvl3jsoQ==, registry: https://registry.npmjs.com/, tarball: https://registry.npmjs.org/is-extglob/-/is-extglob-2.1.1.tgz}
    name: is-extglob
    version: 2.1.1
    engines: {node: '>=0.10.0'}
    dev: true

  registry.npmjs.org/is-glob@4.0.3:
    resolution: {integrity: sha512-xelSayHH36ZgE7ZWhli7pW34hNbNl8Ojv5KVmkJD4hBdD3th8Tfk9vYasLM+mXWOZhFkgZfxhLSnrwRr4elSSg==, registry: https://registry.npmjs.com/, tarball: https://registry.npmjs.org/is-glob/-/is-glob-4.0.3.tgz}
    name: is-glob
    version: 4.0.3
    engines: {node: '>=0.10.0'}
    dependencies:
      is-extglob: registry.npmjs.org/is-extglob@2.1.1
    dev: true

  registry.npmjs.org/is-number@7.0.0:
    resolution: {integrity: sha512-41Cifkg6e8TylSpdtTpeLVMqvSBEVzTttHvERD741+pnZ8ANv0004MRL43QKPDlK9cGvNp6NZWZUBlbGXYxxng==, registry: https://registry.npmjs.com/, tarball: https://registry.npmjs.org/is-number/-/is-number-7.0.0.tgz}
    name: is-number
    version: 7.0.0
    engines: {node: '>=0.12.0'}
    dev: true

  registry.npmjs.org/jake@10.8.5:
    resolution: {integrity: sha512-sVpxYeuAhWt0OTWITwT98oyV0GsXyMlXCF+3L1SuafBVUIr/uILGRB+NqwkzhgXKvoJpDIpQvqkUALgdmQsQxw==, registry: https://registry.npmjs.com/, tarball: https://registry.npmjs.org/jake/-/jake-10.8.5.tgz}
    name: jake
    version: 10.8.5
    engines: {node: '>=10'}
    hasBin: true
    dependencies:
      async: registry.npmjs.org/async@3.2.4
      chalk: registry.npmjs.org/chalk@4.1.2
      filelist: registry.npmjs.org/filelist@1.0.4
      minimatch: registry.npmjs.org/minimatch@3.1.2
    dev: false

  registry.npmjs.org/minimatch@3.1.2:
    resolution: {integrity: sha512-J7p63hRiAjw1NDEww1W7i37+ByIrOWO5XQQAzZ3VOcL0PNybwpfmV/N05zFAzwQ9USyEcX6t3UO+K5aqBQOIHw==, registry: https://registry.npmjs.com/, tarball: https://registry.npmjs.org/minimatch/-/minimatch-3.1.2.tgz}
    name: minimatch
    version: 3.1.2
    dependencies:
      brace-expansion: registry.npmjs.org/brace-expansion@1.1.11
    dev: false

  registry.npmjs.org/minimatch@5.1.6:
    resolution: {integrity: sha512-lKwV/1brpG6mBUFHtb7NUmtABCb2WZZmm2wNiOA5hAb8VdCS4B3dtMWyvcoViccwAW/COERjXLt0zP1zXUN26g==, registry: https://registry.npmjs.com/, tarball: https://registry.npmjs.org/minimatch/-/minimatch-5.1.6.tgz}
    name: minimatch
    version: 5.1.6
    engines: {node: '>=10'}
    dependencies:
      brace-expansion: registry.npmjs.org/brace-expansion@2.0.1
    dev: false

  registry.npmjs.org/nanoid@3.3.4:
    resolution: {integrity: sha512-MqBkQh/OHTS2egovRtLk45wEyNXwF+cokD+1YPf9u5VfJiRdAiRwB2froX5Co9Rh20xs4siNPm8naNotSD6RBw==, registry: https://registry.npmjs.com/, tarball: https://registry.npmjs.org/nanoid/-/nanoid-3.3.4.tgz}
    name: nanoid
    version: 3.3.4
    engines: {node: ^10 || ^12 || ^13.7 || ^14 || >=15.0.1}
    hasBin: true
    dev: true

  registry.npmjs.org/normalize-path@3.0.0:
    resolution: {integrity: sha512-6eZs5Ls3WtCisHWp9S2GUy8dqkpGi4BVSz3GaqiE6ezub0512ESztXUwUB6C6IKbQkY2Pnb/mD4WYojCRwcwLA==, registry: https://registry.npmjs.com/, tarball: https://registry.npmjs.org/normalize-path/-/normalize-path-3.0.0.tgz}
    name: normalize-path
    version: 3.0.0
    engines: {node: '>=0.10.0'}
    dev: true

  registry.npmjs.org/picocolors@1.0.0:
    resolution: {integrity: sha512-1fygroTLlHu66zi26VoTDv8yRgm0Fccecssto+MhsZ0D/DGW2sm8E8AjW7NU5VVTRt5GxbeZ5qBuJr+HyLYkjQ==, registry: https://registry.npmjs.com/, tarball: https://registry.npmjs.org/picocolors/-/picocolors-1.0.0.tgz}
    name: picocolors
    version: 1.0.0
    dev: true

  registry.npmjs.org/picomatch@2.3.1:
    resolution: {integrity: sha512-JU3teHTNjmE2VCGFzuY8EXzCDVwEqB2a8fsIvwaStHhAWJEeVd1o1QD80CU6+ZdEXXSLbSsuLwJjkCBWqRQUVA==, registry: https://registry.npmjs.com/, tarball: https://registry.npmjs.org/picomatch/-/picomatch-2.3.1.tgz}
    name: picomatch
    version: 2.3.1
    engines: {node: '>=8.6'}
    dev: true

  registry.npmjs.org/postcss@8.4.21:
    resolution: {integrity: sha512-tP7u/Sn/dVxK2NnruI4H9BG+x+Wxz6oeZ1cJ8P6G/PZY0IKk4k/63TDsQf2kQq3+qoJeLm2kIBUNlZe3zgb4Zg==, registry: https://registry.npmjs.com/, tarball: https://registry.npmjs.org/postcss/-/postcss-8.4.21.tgz}
    name: postcss
    version: 8.4.21
    engines: {node: ^10 || ^12 || >=14}
    dependencies:
      nanoid: registry.npmjs.org/nanoid@3.3.4
      picocolors: registry.npmjs.org/picocolors@1.0.0
      source-map-js: registry.npmjs.org/source-map-js@1.0.2
    dev: true

  registry.npmjs.org/prettier@2.8.7:
    resolution: {integrity: sha512-yPngTo3aXUUmyuTjeTUT75txrf+aMh9FiD7q9ZE/i6r0bPb22g4FsE6Y338PQX1bmfy08i9QQCB7/rcUAVntfw==, registry: https://registry.npmjs.com/, tarball: https://registry.npmjs.org/prettier/-/prettier-2.8.7.tgz}
    name: prettier
    version: 2.8.7
    engines: {node: '>=10.13.0'}
    hasBin: true
    dev: true

  registry.npmjs.org/readdirp@3.6.0:
    resolution: {integrity: sha512-hOS089on8RduqdbhvQ5Z37A0ESjsqz6qnRcffsMU3495FuTdqSm+7bhJ29JvIOsBDEEnan5DPu9t3To9VRlMzA==, registry: https://registry.npmjs.com/, tarball: https://registry.npmjs.org/readdirp/-/readdirp-3.6.0.tgz}
    name: readdirp
    version: 3.6.0
    engines: {node: '>=8.10.0'}
    dependencies:
      picomatch: registry.npmjs.org/picomatch@2.3.1
    dev: true

  registry.npmjs.org/rollup@3.20.6:
    resolution: {integrity: sha512-2yEB3nQXp/tBQDN0hJScJQheXdvU2wFhh6ld7K/aiZ1vYcak6N/BKjY1QrU6BvO2JWYS8bEs14FRaxXosxy2zw==, registry: https://registry.npmjs.com/, tarball: https://registry.npmjs.org/rollup/-/rollup-3.20.6.tgz}
    name: rollup
    version: 3.20.6
    engines: {node: '>=14.18.0', npm: '>=8.0.0'}
    hasBin: true
    optionalDependencies:
      fsevents: registry.npmjs.org/fsevents@2.3.2
    dev: true

  registry.npmjs.org/sass@1.62.0:
    resolution: {integrity: sha512-Q4USplo4pLYgCi+XlipZCWUQz5pkg/ruSSgJ0WRDSb/+3z9tXUOkQ7QPYn4XrhZKYAK4HlpaQecRwKLJX6+DBg==, registry: https://registry.npmjs.com/, tarball: https://registry.npmjs.org/sass/-/sass-1.62.0.tgz}
    name: sass
    version: 1.62.0
    engines: {node: '>=14.0.0'}
    hasBin: true
    dependencies:
      chokidar: registry.npmjs.org/chokidar@3.5.3
      immutable: registry.npmjs.org/immutable@4.2.4
      source-map-js: registry.npmjs.org/source-map-js@1.0.2
    dev: true

  registry.npmjs.org/source-map-js@1.0.2:
    resolution: {integrity: sha512-R0XvVJ9WusLiqTCEiGCmICCMplcCkIwwR11mOSD9CR5u+IXYdiseeEuXCVAjS54zqwkLcPNnmU4OeJ6tUrWhDw==, registry: https://registry.npmjs.com/, tarball: https://registry.npmjs.org/source-map-js/-/source-map-js-1.0.2.tgz}
    name: source-map-js
    version: 1.0.2
    engines: {node: '>=0.10.0'}
    dev: true

  registry.npmjs.org/supports-color@7.2.0:
    resolution: {integrity: sha512-qpCAvRl9stuOHveKsn7HncJRvv501qIacKzQlO/+Lwxc9+0q2wLyv4Dfvt80/DPn2pqOBsJdDiogXGR9+OvwRw==, registry: https://registry.npmjs.com/, tarball: https://registry.npmjs.org/supports-color/-/supports-color-7.2.0.tgz}
    name: supports-color
    version: 7.2.0
    engines: {node: '>=8'}
    dependencies:
      has-flag: registry.npmjs.org/has-flag@4.0.0
    dev: false

  registry.npmjs.org/to-regex-range@5.0.1:
    resolution: {integrity: sha512-65P7iz6X5yEr1cwcgvQxbbIw7Uk3gOy5dIdtZ4rDveLqhrdJP+Li/Hx6tyK0NEb+2GCyneCMJiGqrADCSNk8sQ==, registry: https://registry.npmjs.com/, tarball: https://registry.npmjs.org/to-regex-range/-/to-regex-range-5.0.1.tgz}
    name: to-regex-range
    version: 5.0.1
    engines: {node: '>=8.0'}
    dependencies:
      is-number: registry.npmjs.org/is-number@7.0.0
    dev: true

  registry.npmjs.org/vite-plugin-ejs@1.6.4:
    resolution: {integrity: sha512-23p1RS4PiA0veXY5/gHZ60pl3pPvd8NEqdBsDgxNK8nM1rjFFDcVb0paNmuipzCgNP/Y0f/Id22M7Il4kvZ2jA==, registry: https://registry.npmjs.com/, tarball: https://registry.npmjs.org/vite-plugin-ejs/-/vite-plugin-ejs-1.6.4.tgz}
    name: vite-plugin-ejs
    version: 1.6.4
    dependencies:
      ejs: registry.npmjs.org/ejs@3.1.9
    dev: false

  registry.npmjs.org/vite@4.3.0(sass@1.62.0):
    resolution: {integrity: sha512-JTGFgDh3dVxeGBpuQX04Up+JZmuG6wu9414Ei36vQzaEruY/M4K0AgwtuB2b4HaBgB7R8l+LHxjB0jcgz4d2qQ==, registry: https://registry.npmjs.com/, tarball: https://registry.npmjs.org/vite/-/vite-4.3.0.tgz}
    id: registry.npmjs.org/vite/4.3.0
    name: vite
    version: 4.3.0
    engines: {node: ^14.18.0 || >=16.0.0}
    hasBin: true
    peerDependencies:
      '@types/node': '>= 14'
      less: '*'
      sass: '*'
      stylus: '*'
      sugarss: '*'
      terser: ^5.4.0
    peerDependenciesMeta:
      '@types/node':
        optional: true
      less:
        optional: true
      sass:
        optional: true
      stylus:
        optional: true
      sugarss:
        optional: true
      terser:
        optional: true
    dependencies:
      esbuild: registry.npmjs.org/esbuild@0.17.17
      postcss: registry.npmjs.org/postcss@8.4.21
      rollup: registry.npmjs.org/rollup@3.20.6
      sass: registry.npmjs.org/sass@1.62.0
    optionalDependencies:
      fsevents: registry.npmjs.org/fsevents@2.3.2
    dev: true
